
Microsoft Visual Studio Solution File, Format Version 12.00
# Visual Studio Version 17
VisualStudioVersion = 17.3.32929.385
MinimumVisualStudioVersion = 10.0.40219.1
Project("{FAE04EC0-301F-11D3-BF4B-00C04F79EFBC}") = "Shredder", "Shredder\Shredder.csproj", "{7A1A071A-B5E6-4462-90AA-1A9BA11D561F}"
EndProject
Global
	GlobalSection(SolutionConfigurationPlatforms) = preSolution
		Debug|Any CPU = Debug|Any CPU
		Release|Any CPU = Release|Any CPU
	EndGlobalSection
	GlobalSection(ProjectConfigurationPlatforms) = postSolution
		{7A1A071A-B5E6-4462-90AA-1A9BA11D561F}.Debug|Any CPU.ActiveCfg = Debug|Any CPU
		{7A1A071A-B5E6-4462-90AA-1A9BA11D561F}.Debug|Any CPU.Build.0 = Debug|Any CPU
		{7A1A071A-B5E6-4462-90AA-1A9BA11D561F}.Release|Any CPU.ActiveCfg = Release|Any CPU
		{7A1A071A-B5E6-4462-90AA-1A9BA11D561F}.Release|Any CPU.Build.0 = Release|Any CPU
	EndGlobalSection
	GlobalSection(SolutionProperties) = preSolution
		HideSolutionNode = FALSE
	EndGlobalSection
	GlobalSection(ExtensibilityGlobals) = postSolution
		SolutionGuid = {F456E951-680C-4B27-998F-9392CC065166}
	EndGlobalSection
EndGlobal
